
Microsoft Visual Studio Solution File, Format Version 12.00
# Visual Studio Version 17
VisualStudioVersion = 17.0.31903.59
MinimumVisualStudioVersion = 10.0.40219.1
Project("{9A19103F-16F7-4668-BE54-9A1E7A4F7556}") = "EfDb", "EfDb\EfDb.csproj", "{CE7B5D02-DDA7-483D-B9BB-620C2F120CD0}"
EndProject
Global
	GlobalSection(SolutionConfigurationPlatforms) = preSolution
		Debug|Any CPU = Debug|Any CPU
		Release|Any CPU = Release|Any CPU
	EndGlobalSection
	GlobalSection(ProjectConfigurationPlatforms) = postSolution
		{CE7B5D02-DDA7-483D-B9BB-620C2F120CD0}.Debug|Any CPU.ActiveCfg = Debug|Any CPU
		{CE7B5D02-DDA7-483D-B9BB-620C2F120CD0}.Debug|Any CPU.Build.0 = Debug|Any CPU
		{CE7B5D02-DDA7-483D-B9BB-620C2F120CD0}.Release|Any CPU.ActiveCfg = Release|Any CPU
		{CE7B5D02-DDA7-483D-B9BB-620C2F120CD0}.Release|Any CPU.Build.0 = Release|Any CPU
	EndGlobalSection
	GlobalSection(SolutionProperties) = preSolution
		HideSolutionNode = FALSE
	EndGlobalSection
	GlobalSection(ExtensibilityGlobals) = postSolution
		SolutionGuid = {85C83B7F-BC41-4E25-A303-0E8A9ACE3311}
	EndGlobalSection
EndGlobal
